schema: '2.0'
stages:
  get_data:
    cmd: python scripts/data.py
    deps:
    - path: scripts/data.py
      hash: md5
      md5: 0925261b707ef36d4b028dcb87665ee9
      size: 1561
    params:
      params.yaml:
        index_col: customer_id
    outs:
    - path: data/initial_data.csv
      hash: md5
      md5: c2e35cf1d5fc036299a92f81d3128415
      size: 902261
  fit_model:
    cmd: python scripts/fit.py
    deps:
    - path: data/initial_data.csv
      hash: md5
      md5: c2e35cf1d5fc036299a92f81d3128415
      size: 902261
    - path: scripts/fit.py
      hash: md5
      md5: a6a18853f8585047663dab4a21b69bb3
      size: 1642
    params:
      params.yaml:
        auto_class_weights: Balanced
        index_col: customer_id
        log_c: 1
        log_penalty: l2
        one_hot_drop: first
        target_col: target
    outs:
    - path: models/fitted_model.pkl
      hash: md5
      md5: ddc526eb3cdb6e946f159e42a840cdd9
      size: 207806
  evaluate_model:
    cmd: python scripts/evaluate.py
    deps:
    - path: models/fitted_model.pkl
      hash: md5
      md5: ddc526eb3cdb6e946f159e42a840cdd9
      size: 207806
    - path: scripts/evaluate.py
      hash: md5
      md5: 8a99ca9be20ee52265389bc3479e9eea
      size: 1370
    params:
      params.yaml:
        index_col: customer_id
        metrics:
        - f1
        - roc_auc
        n_jobs: -1
        n_splits: 5
        target_col: target
    outs:
    - path: cv_results/cv_res.json
      hash: md5
      md5: 8675b159902299209e490ce4758a130a
      size: 77
